
Microsoft Visual Studio Solution File, Format Version 12.00
# Visual Studio Version 17
VisualStudioVersion = 17.8.34330.188
MinimumVisualStudioVersion = 10.0.40219.1
Project("{FAE04EC0-301F-11D3-BF4B-00C04F79EFBC}") = "ProjectExamination", "ProjectExamination\ProjectExamination.csproj", "{834B72A9-A688-4AC9-9D25-61C7342EB88A}"
EndProject
Global
	GlobalSection(SolutionConfigurationPlatforms) = preSolution
		Debug|Any CPU = Debug|Any CPU
		Release|Any CPU = Release|Any CPU
	EndGlobalSection
	GlobalSection(ProjectConfigurationPlatforms) = postSolution
		{834B72A9-A688-4AC9-9D25-61C7342EB88A}.Debug|Any CPU.ActiveCfg = Debug|Any CPU
		{834B72A9-A688-4AC9-9D25-61C7342EB88A}.Debug|Any CPU.Build.0 = Debug|Any CPU
		{834B72A9-A688-4AC9-9D25-61C7342EB88A}.Release|Any CPU.ActiveCfg = Release|Any CPU
		{834B72A9-A688-4AC9-9D25-61C7342EB88A}.Release|Any CPU.Build.0 = Release|Any CPU
	EndGlobalSection
	GlobalSection(SolutionProperties) = preSolution
		HideSolutionNode = FALSE
	EndGlobalSection
	GlobalSection(ExtensibilityGlobals) = postSolution
		SolutionGuid = {190FC273-71F6-45A6-9733-A2F0CB502CFA}
	EndGlobalSection
EndGlobal
